
Microsoft Visual Studio Solution File, Format Version 12.00
Project("{FAE04EC0-301F-11D3-BF4B-00C04F79EFBC}") = "WastingNoTime.HireFlow.Gateway", "WastingNoTime.HireFlow.Gateway.csproj", "{5041E748-8D98-4A26-81A9-5EC297F39300}"
EndProject
Global
	GlobalSection(SolutionConfigurationPlatforms) = preSolution
		Debug|Any CPU = Debug|Any CPU
		Release|Any CPU = Release|Any CPU
	EndGlobalSection
	GlobalSection(ProjectConfigurationPlatforms) = postSolution
		{5041E748-8D98-4A26-81A9-5EC297F39300}.Debug|Any CPU.ActiveCfg = Debug|Any CPU
		{5041E748-8D98-4A26-81A9-5EC297F39300}.Debug|Any CPU.Build.0 = Debug|Any CPU
		{5041E748-8D98-4A26-81A9-5EC297F39300}.Release|Any CPU.ActiveCfg = Release|Any CPU
		{5041E748-8D98-4A26-81A9-5EC297F39300}.Release|Any CPU.Build.0 = Release|Any CPU
	EndGlobalSection
EndGlobal
